
Microsoft Visual Studio Solution File, Format Version 12.00
# Visual Studio Version 16
VisualStudioVersion = 16.0.30413.136
MinimumVisualStudioVersion = 15.0.26124.0
Project("{9A19103F-16F7-4668-BE54-9A1E7A4F7556}") = "AWSECS.ContainerMetadata", "src\AWSECS.ContainerMetadata\AWSECS.ContainerMetadata.csproj", "{E9D4CD3C-EEA2-488A-AED4-836788C3A8E7}"
EndProject
Project("{9A19103F-16F7-4668-BE54-9A1E7A4F7556}") = "AWSECS.ContainerMetadata.UnitTests", "test\AWSECS.ContainerMetadata.UnitTests\AWSECS.ContainerMetadata.UnitTests.csproj", "{9E9DFE50-58F9-438C-8BE2-7632E21AE0DA}"
EndProject
Global
	GlobalSection(SolutionConfigurationPlatforms) = preSolution
		Debug|Any CPU = Debug|Any CPU
		Debug|x64 = Debug|x64
		Debug|x86 = Debug|x86
		Release|Any CPU = Release|Any CPU
		Release|x64 = Release|x64
		Release|x86 = Release|x86
	EndGlobalSection
	GlobalSection(ProjectConfigurationPlatforms) = postSolution
		{E9D4CD3C-EEA2-488A-AED4-836788C3A8E7}.Debug|Any CPU.ActiveCfg = Debug|Any CPU
		{E9D4CD3C-EEA2-488A-AED4-836788C3A8E7}.Debug|Any CPU.Build.0 = Debug|Any CPU
		{E9D4CD3C-EEA2-488A-AED4-836788C3A8E7}.Debug|x64.ActiveCfg = Debug|Any CPU
		{E9D4CD3C-EEA2-488A-AED4-836788C3A8E7}.Debug|x64.Build.0 = Debug|Any CPU
		{E9D4CD3C-EEA2-488A-AED4-836788C3A8E7}.Debug|x86.ActiveCfg = Debug|Any CPU
		{E9D4CD3C-EEA2-488A-AED4-836788C3A8E7}.Debug|x86.Build.0 = Debug|Any CPU
		{E9D4CD3C-EEA2-488A-AED4-836788C3A8E7}.Release|Any CPU.ActiveCfg = Release|Any CPU
		{E9D4CD3C-EEA2-488A-AED4-836788C3A8E7}.Release|Any CPU.Build.0 = Release|Any CPU
		{E9D4CD3C-EEA2-488A-AED4-836788C3A8E7}.Release|x64.ActiveCfg = Release|Any CPU
		{E9D4CD3C-EEA2-488A-AED4-836788C3A8E7}.Release|x64.Build.0 = Release|Any CPU
		{E9D4CD3C-EEA2-488A-AED4-836788C3A8E7}.Release|x86.ActiveCfg = Release|Any CPU
		{E9D4CD3C-EEA2-488A-AED4-836788C3A8E7}.Release|x86.Build.0 = Release|Any CPU
		{9E9DFE50-58F9-438C-8BE2-7632E21AE0DA}.Debug|Any CPU.ActiveCfg = Debug|Any CPU
		{9E9DFE50-58F9-438C-8BE2-7632E21AE0DA}.Debug|Any CPU.Build.0 = Debug|Any CPU
		{9E9DFE50-58F9-438C-8BE2-7632E21AE0DA}.Debug|x64.ActiveCfg = Debug|Any CPU
		{9E9DFE50-58F9-438C-8BE2-7632E21AE0DA}.Debug|x64.Build.0 = Debug|Any CPU
		{9E9DFE50-58F9-438C-8BE2-7632E21AE0DA}.Debug|x86.ActiveCfg = Debug|Any CPU
		{9E9DFE50-58F9-438C-8BE2-7632E21AE0DA}.Debug|x86.Build.0 = Debug|Any CPU
		{9E9DFE50-58F9-438C-8BE2-7632E21AE0DA}.Release|Any CPU.ActiveCfg = Release|Any CPU
		{9E9DFE50-58F9-438C-8BE2-7632E21AE0DA}.Release|Any CPU.Build.0 = Release|Any CPU
		{9E9DFE50-58F9-438C-8BE2-7632E21AE0DA}.Release|x64.ActiveCfg = Release|Any CPU
		{9E9DFE50-58F9-438C-8BE2-7632E21AE0DA}.Release|x64.Build.0 = Release|Any CPU
		{9E9DFE50-58F9-438C-8BE2-7632E21AE0DA}.Release|x86.ActiveCfg = Release|Any CPU
		{9E9DFE50-58F9-438C-8BE2-7632E21AE0DA}.Release|x86.Build.0 = Release|Any CPU
	EndGlobalSection
	GlobalSection(SolutionProperties) = preSolution
		HideSolutionNode = FALSE
	EndGlobalSection
	GlobalSection(ExtensibilityGlobals) = postSolution
		SolutionGuid = {1EA2CB16-73A7-49B9-9900-8AAC6038801F}
	EndGlobalSection
EndGlobal
